// !$*UTF8*$!
{
	archiveVersion = 1;
	classes = {
	};
	objectVersion = 56;
	objects = {

/* Begin PBXBuildFile section */
		1127ED592A9793850063A116 /* FeedCell.swift in Sources */ = {isa = PBXBuildFile; fileRef = 1127ED582A9793850063A116 /* FeedCell.swift */; };
		1127ED5B2A979D9E0063A116 /* SettingsVC.swift in Sources */ = {isa = PBXBuildFile; fileRef = 1127ED5A2A979D9E0063A116 /* SettingsVC.swift */; };
		1127ED5D2A979DAB0063A116 /* FeedVC.swift in Sources */ = {isa = PBXBuildFile; fileRef = 1127ED5C2A979DAB0063A116 /* FeedVC.swift */; };
		1127ED5F2A979DBC0063A116 /* UploadVC.swift in Sources */ = {isa = PBXBuildFile; fileRef = 1127ED5E2A979DBC0063A116 /* UploadVC.swift */; };
		1127ED612A97A0320063A116 /* TabBarController.swift in Sources */ = {isa = PBXBuildFile; fileRef = 1127ED602A97A0320063A116 /* TabBarController.swift */; };
		1129CDB42A98E4D800DE2EFC /* GoogleService-Info.plist in Resources */ = {isa = PBXBuildFile; fileRef = 1129CDB32A98E4D800DE2EFC /* GoogleService-Info.plist */; };
		113C88A82A988D61007E5C33 /* SDWebImage in Frameworks */ = {isa = PBXBuildFile; productRef = 113C88A72A988D61007E5C33 /* SDWebImage */; };
		113C88AA2A98C1AA007E5C33 /* CommentVC.swift in Sources */ = {isa = PBXBuildFile; fileRef = 113C88A92A98C1AA007E5C33 /* CommentVC.swift */; };
		11D0A59B2A9604E000DFA087 /* AppDelegate.swift in Sources */ = {isa = PBXBuildFile; fileRef = 11D0A59A2A9604E000DFA087 /* AppDelegate.swift */; };
		11D0A59F2A9604E000DFA087 /* ViewController.swift in Sources */ = {isa = PBXBuildFile; fileRef = 11D0A59E2A9604E000DFA087 /* ViewController.swift */; };
		11D0A5A42A9604E100DFA087 /* Assets.xcassets in Resources */ = {isa = PBXBuildFile; fileRef = 11D0A5A32A9604E100DFA087 /* Assets.xcassets */; };
		11D0A5B02A96053200DFA087 /* FirebaseAnalytics in Frameworks */ = {isa = PBXBuildFile; productRef = 11D0A5AF2A96053200DFA087 /* FirebaseAnalytics */; };
		11D0A5B22A96053200DFA087 /* FirebaseAuth in Frameworks */ = {isa = PBXBuildFile; productRef = 11D0A5B12A96053200DFA087 /* FirebaseAuth */; };
		11D0A5B42A96053200DFA087 /* FirebaseFirestore in Frameworks */ = {isa = PBXBuildFile; productRef = 11D0A5B32A96053200DFA087 /* FirebaseFirestore */; };
		11D0A5B62A96053200DFA087 /* FirebaseStorage in Frameworks */ = {isa = PBXBuildFile; productRef = 11D0A5B52A96053200DFA087 /* FirebaseStorage */; };
		11D0A5BD2A96095B00DFA087 /* SnapKit in Frameworks */ = {isa = PBXBuildFile; productRef = 11D0A5BC2A96095B00DFA087 /* SnapKit */; };
		11D0A5C12A9618F900DFA087 /* RegisterVC.swift in Sources */ = {isa = PBXBuildFile; fileRef = 11D0A5C02A9618F900DFA087 /* RegisterVC.swift */; };
		11D0A5C32A9623DD00DFA087 /* SignInVC.swift in Sources */ = {isa = PBXBuildFile; fileRef = 11D0A5C22A9623DD00DFA087 /* SignInVC.swift */; };
/* End PBXBuildFile section */

/* Begin PBXFileReference section */
		1127ED582A9793850063A116 /* FeedCell.swift */ = {isa = PBXFileReference; lastKnownFileType = sourcecode.swift; path = FeedCell.swift; sourceTree = "<group>"; };
		1127ED5A2A979D9E0063A116 /* SettingsVC.swift */ = {isa = PBXFileReference; lastKnownFileType = sourcecode.swift; path = SettingsVC.swift; sourceTree = "<group>"; };
		1127ED5C2A979DAB0063A116 /* FeedVC.swift */ = {isa = PBXFileReference; lastKnownFileType = sourcecode.swift; path = FeedVC.swift; sourceTree = "<group>"; };
		1127ED5E2A979DBC0063A116 /* UploadVC.swift */ = {isa = PBXFileReference; lastKnownFileType = sourcecode.swift; path = UploadVC.swift; sourceTree = "<group>"; };
		1127ED602A97A0320063A116 /* TabBarController.swift */ = {isa = PBXFileReference; lastKnownFileType = sourcecode.swift; path = TabBarController.swift; sourceTree = "<group>"; };
		1129CDB32A98E4D800DE2EFC /* GoogleService-Info.plist */ = {isa = PBXFileReference; fileEncoding = 4; lastKnownFileType = text.plist.xml; name = "GoogleService-Info.plist"; path = "../../../Downloads/GoogleService-Info.plist"; sourceTree = "<group>"; };
		113C88A92A98C1AA007E5C33 /* CommentVC.swift */ = {isa = PBXFileReference; lastKnownFileType = sourcecode.swift; path = CommentVC.swift; sourceTree = "<group>"; };
		11D0A5972A9604E000DFA087 /* FirebaseApp.app */ = {isa = PBXFileReference; explicitFileType = wrapper.application; includeInIndex = 0; path = FirebaseApp.app; sourceTree = BUILT_PRODUCTS_DIR; };
		11D0A59A2A9604E000DFA087 /* AppDelegate.swift */ = {isa = PBXFileReference; lastKnownFileType = sourcecode.swift; path = AppDelegate.swift; sourceTree = "<group>"; };
		11D0A59E2A9604E000DFA087 /* ViewController.swift */ = {isa = PBXFileReference; lastKnownFileType = sourcecode.swift; path = ViewController.swift; sourceTree = "<group>"; };
		11D0A5A32A9604E100DFA087 /* Assets.xcassets */ = {isa = PBXFileReference; lastKnownFileType = folder.assetcatalog; path = Assets.xcassets; sourceTree = "<group>"; };
		11D0A5A82A9604E100DFA087 /* Info.plist */ = {isa = PBXFileReference; lastKnownFileType = text.plist.xml; path = Info.plist; sourceTree = "<group>"; };
		11D0A5C02A9618F900DFA087 /* RegisterVC.swift */ = {isa = PBXFileReference; lastKnownFileType = sourcecode.swift; path = RegisterVC.swift; sourceTree = "<group>"; };
		11D0A5C22A9623DD00DFA087 /* SignInVC.swift */ = {isa = PBXFileReference; lastKnownFileType = sourcecode.swift; path = SignInVC.swift; sourceTree = "<group>"; };
/* End PBXFileReference section */

/* Begin PBXFrameworksBuildPhase section */
		11D0A5942A9604E000DFA087 /* Frameworks */ = {
			isa = PBXFrameworksBuildPhase;
			buildActionMask = 2147483647;
			files = (
				113C88A82A988D61007E5C33 /* SDWebImage in Frameworks */,
				11D0A5B02A96053200DFA087 /* FirebaseAnalytics in Frameworks */,
				11D0A5B62A96053200DFA087 /* FirebaseStorage in Frameworks */,
				11D0A5B22A96053200DFA087 /* FirebaseAuth in Frameworks */,
				11D0A5B42A96053200DFA087 /* FirebaseFirestore in Frameworks */,
				11D0A5BD2A96095B00DFA087 /* SnapKit in Frameworks */,
			);
			runOnlyForDeploymentPostprocessing = 0;
		};
/* End PBXFrameworksBuildPhase section */

/* Begin PBXGroup section */
		11D0A58E2A9604E000DFA087 = {
			isa = PBXGroup;
			children = (
				11D0A5992A9604E000DFA087 /* FirebaseApp */,
				11D0A5982A9604E000DFA087 /* Products */,
			);
			sourceTree = "<group>";
		};
		11D0A5982A9604E000DFA087 /* Products */ = {
			isa = PBXGroup;
			children = (
				11D0A5972A9604E000DFA087 /* FirebaseApp.app */,
			);
			name = Products;
			sourceTree = "<group>";
		};
		11D0A5992A9604E000DFA087 /* FirebaseApp */ = {
			isa = PBXGroup;
			children = (
				11D0A59A2A9604E000DFA087 /* AppDelegate.swift */,
				11D0A59E2A9604E000DFA087 /* ViewController.swift */,
				11D0A5C22A9623DD00DFA087 /* SignInVC.swift */,
				11D0A5C02A9618F900DFA087 /* RegisterVC.swift */,
				1127ED602A97A0320063A116 /* TabBarController.swift */,
				1127ED5C2A979DAB0063A116 /* FeedVC.swift */,
				113C88A92A98C1AA007E5C33 /* CommentVC.swift */,
				1127ED5E2A979DBC0063A116 /* UploadVC.swift */,
				1127ED5A2A979D9E0063A116 /* SettingsVC.swift */,
				1127ED582A9793850063A116 /* FeedCell.swift */,
				11D0A5A32A9604E100DFA087 /* Assets.xcassets */,
				11D0A5A82A9604E100DFA087 /* Info.plist */,
				1129CDB32A98E4D800DE2EFC /* GoogleService-Info.plist */,
			);
			path = FirebaseApp;
			sourceTree = "<group>";
		};
/* End PBXGroup section */

/* Begin PBXNativeTarget section */
		11D0A5962A9604E000DFA087 /* FirebaseApp */ = {
			isa = PBXNativeTarget;
			buildConfigurationList = 11D0A5AB2A9604E100DFA087 /* Build configuration list for PBXNativeTarget "FirebaseApp" */;
			buildPhases = (
				11D0A5932A9604E000DFA087 /* Sources */,
				11D0A5942A9604E000DFA087 /* Frameworks */,
				11D0A5952A9604E000DFA087 /* Resources */,
			);
			buildRules = (
			);
			dependencies = (
			);
			name = FirebaseApp;
			packageProductDependencies = (
				11D0A5AF2A96053200DFA087 /* FirebaseAnalytics */,
				11D0A5B12A96053200DFA087 /* FirebaseAuth */,
				11D0A5B32A96053200DFA087 /* FirebaseFirestore */,
				11D0A5B52A96053200DFA087 /* FirebaseStorage */,
				11D0A5BC2A96095B00DFA087 /* SnapKit */,
				113C88A72A988D61007E5C33 /* SDWebImage */,
			);
			productName = FirebaseApp;
			productReference = 11D0A5972A9604E000DFA087 /* FirebaseApp.app */;
			productType = "com.apple.product-type.application";
		};
/* End PBXNativeTarget section */

/* Begin PBXProject section */
		11D0A58F2A9604E000DFA087 /* Project object */ = {
			isa = PBXProject;
			attributes = {
				BuildIndependentTargetsInParallel = 1;
				LastSwiftUpdateCheck = 1430;
				LastUpgradeCheck = 1430;
				TargetAttributes = {
					11D0A5962A9604E000DFA087 = {
						CreatedOnToolsVersion = 14.3.1;
					};
				};
			};
			buildConfigurationList = 11D0A5922A9604E000DFA087 /* Build configuration list for PBXProject "FirebaseApp" */;
			compatibilityVersion = "Xcode 14.0";
			developmentRegion = en;
			hasScannedForEncodings = 0;
			knownRegions = (
				en,
				Base,
			);
			mainGroup = 11D0A58E2A9604E000DFA087;
			packageReferences = (
				11D0A5AE2A96053200DFA087 /* XCRemoteSwiftPackageReference "firebase-ios-sdk" */,
				11D0A5BB2A96095B00DFA087 /* XCRemoteSwiftPackageReference "SnapKit" */,
				113C88A62A988D61007E5C33 /* XCRemoteSwiftPackageReference "SDWebImage" */,
			);
			productRefGroup = 11D0A5982A9604E000DFA087 /* Products */;
			projectDirPath = "";
			projectRoot = "";
			targets = (
				11D0A5962A9604E000DFA087 /* FirebaseApp */,
			);
		};
/* End PBXProject section */

/* Begin PBXResourcesBuildPhase section */
		11D0A5952A9604E000DFA087 /* Resources */ = {
			isa = PBXResourcesBuildPhase;
			buildActionMask = 2147483647;
			files = (
				11D0A5A42A9604E100DFA087 /* Assets.xcassets in Resources */,
				1129CDB42A98E4D800DE2EFC /* GoogleService-Info.plist in Resources */,
			);
			runOnlyForDeploymentPostprocessing = 0;
		};
/* End PBXResourcesBuildPhase section */

/* Begin PBXSourcesBuildPhase section */
		11D0A5932A9604E000DFA087 /* Sources */ = {
			isa = PBXSourcesBuildPhase;
			buildActionMask = 2147483647;
			files = (
				11D0A59F2A9604E000DFA087 /* ViewController.swift in Sources */,
				11D0A5C12A9618F900DFA087 /* RegisterVC.swift in Sources */,
				11D0A59B2A9604E000DFA087 /* AppDelegate.swift in Sources */,
				1127ED612A97A0320063A116 /* TabBarController.swift in Sources */,
				1127ED5D2A979DAB0063A116 /* FeedVC.swift in Sources */,
				11D0A5C32A9623DD00DFA087 /* SignInVC.swift in Sources */,
				113C88AA2A98C1AA007E5C33 /* CommentVC.swift in Sources */,
				1127ED592A9793850063A116 /* FeedCell.swift in Sources */,
				1127ED5F2A979DBC0063A116 /* UploadVC.swift in Sources */,
				1127ED5B2A979D9E0063A116 /* SettingsVC.swift in Sources */,
			);
			runOnlyForDeploymentPostprocessing = 0;
		};
/* End PBXSourcesBuildPhase section */

/* Begin XCBuildConfiguration section */
		11D0A5A92A9604E100DFA087 /* Debug */ = {
			isa = XCBuildConfiguration;
			buildSettings = {
				ALWAYS_SEARCH_USER_PATHS = NO;
				CLANG_ANALYZER_NONNULL = YES;
				CLANG_ANALYZER_NUMBER_OBJECT_CONVERSION = YES_AGGRESSIVE;
				CLANG_CXX_LANGUAGE_STANDARD = "gnu++20";
				CLANG_ENABLE_MODULES = YES;
				CLANG_ENABLE_OBJC_ARC = YES;
				CLANG_ENABLE_OBJC_WEAK = YES;
				CLANG_WARN_BLOCK_CAPTURE_AUTORELEASING = YES;
				CLANG_WARN_BOOL_CONVERSION = YES;
				CLANG_WARN_COMMA = YES;
				CLANG_WARN_CONSTANT_CONVERSION = YES;
				CLANG_WARN_DEPRECATED_OBJC_IMPLEMENTATIONS = YES;
				CLANG_WARN_DIRECT_OBJC_ISA_USAGE = YES_ERROR;
				CLANG_WARN_DOCUMENTATION_COMMENTS = YES;
				CLANG_WARN_EMPTY_BODY = YES;
				CLANG_WARN_ENUM_CONVERSION = YES;
				CLANG_WARN_INFINITE_RECURSION = YES;
				CLANG_WARN_INT_CONVERSION = YES;
				CLANG_WARN_NON_LITERAL_NULL_CONVERSION = YES;
				CLANG_WARN_OBJC_IMPLICIT_RETAIN_SELF = YES;
				CLANG_WARN_OBJC_LITERAL_CONVERSION = YES;
				CLANG_WARN_OBJC_ROOT_CLASS = YES_ERROR;
				CLANG_WARN_QUOTED_INCLUDE_IN_FRAMEWORK_HEADER = YES;
				CLANG_WARN_RANGE_LOOP_ANALYSIS = YES;
				CLANG_WARN_STRICT_PROTOTYPES = YES;
				CLANG_WARN_SUSPICIOUS_MOVE = YES;
				CLANG_WARN_UNGUARDED_AVAILABILITY = YES_AGGRESSIVE;
				CLANG_WARN_UNREACHABLE_CODE = YES;
				CLANG_WARN__DUPLICATE_METHOD_MATCH = YES;
				COPY_PHASE_STRIP = NO;
				DEBUG_INFORMATION_FORMAT = dwarf;
				ENABLE_STRICT_OBJC_MSGSEND = YES;
				ENABLE_TESTABILITY = YES;
				GCC_C_LANGUAGE_STANDARD = gnu11;
				GCC_DYNAMIC_NO_PIC = NO;
				GCC_NO_COMMON_BLOCKS = YES;
				GCC_OPTIMIZATION_LEVEL = 0;
				GCC_PREPROCESSOR_DEFINITIONS = (
					"DEBUG=1",
					"$(inherited)",
				);
				GCC_WARN_64_TO_32_BIT_CONVERSION = YES;
				GCC_WARN_ABOUT_RETURN_TYPE = YES_ERROR;
				GCC_WARN_UNDECLARED_SELECTOR = YES;
				GCC_WARN_UNINITIALIZED_AUTOS = YES_AGGRESSIVE;
				GCC_WARN_UNUSED_FUNCTION = YES;
				GCC_WARN_UNUSED_VARIABLE = YES;
				IPHONEOS_DEPLOYMENT_TARGET = 16.4;
				MTL_ENABLE_DEBUG_INFO = INCLUDE_SOURCE;
				MTL_FAST_MATH = YES;
				ONLY_ACTIVE_ARCH = YES;
				SDKROOT = iphoneos;
				SWIFT_ACTIVE_COMPILATION_CONDITIONS = DEBUG;
				SWIFT_OPTIMIZATION_LEVEL = "-Onone";
			};
			name = Debug;
		};
		11D0A5AA2A9604E100DFA087 /* Release */ = {
			isa = XCBuildConfiguration;
			buildSettings = {
				ALWAYS_SEARCH_USER_PATHS = NO;
				CLANG_ANALYZER_NONNULL = YES;
				CLANG_ANALYZER_NUMBER_OBJECT_CONVERSION = YES_AGGRESSIVE;
				CLANG_CXX_LANGUAGE_STANDARD = "gnu++20";
				CLANG_ENABLE_MODULES = YES;
				CLANG_ENABLE_OBJC_ARC = YES;
				CLANG_ENABLE_OBJC_WEAK = YES;
				CLANG_WARN_BLOCK_CAPTURE_AUTORELEASING = YES;
				CLANG_WARN_BOOL_CONVERSION = YES;
				CLANG_WARN_COMMA = YES;
				CLANG_WARN_CONSTANT_CONVERSION = YES;
				CLANG_WARN_DEPRECATED_OBJC_IMPLEMENTATIONS = YES;
				CLANG_WARN_DIRECT_OBJC_ISA_USAGE = YES_ERROR;
				CLANG_WARN_DOCUMENTATION_COMMENTS = YES;
				CLANG_WARN_EMPTY_BODY = YES;
				CLANG_WARN_ENUM_CONVERSION = YES;
				CLANG_WARN_INFINITE_RECURSION = YES;
				CLANG_WARN_INT_CONVERSION = YES;
				CLANG_WARN_NON_LITERAL_NULL_CONVERSION = YES;
				CLANG_WARN_OBJC_IMPLICIT_RETAIN_SELF = YES;
				CLANG_WARN_OBJC_LITERAL_CONVERSION = YES;
				CLANG_WARN_OBJC_ROOT_CLASS = YES_ERROR;
				CLANG_WARN_QUOTED_INCLUDE_IN_FRAMEWORK_HEADER = YES;
				CLANG_WARN_RANGE_LOOP_ANALYSIS = YES;
				CLANG_WARN_STRICT_PROTOTYPES = YES;
				CLANG_WARN_SUSPICIOUS_MOVE = YES;
				CLANG_WARN_UNGUARDED_AVAILABILITY = YES_AGGRESSIVE;
				CLANG_WARN_UNREACHABLE_CODE = YES;
				CLANG_WARN__DUPLICATE_METHOD_MATCH = YES;
				COPY_PHASE_STRIP = NO;
				DEBUG_INFORMATION_FORMAT = "dwarf-with-dsym";
				ENABLE_NS_ASSERTIONS = NO;
				ENABLE_STRICT_OBJC_MSGSEND = YES;
				GCC_C_LANGUAGE_STANDARD = gnu11;
				GCC_NO_COMMON_BLOCKS = YES;
				GCC_WARN_64_TO_32_BIT_CONVERSION = YES;
				GCC_WARN_ABOUT_RETURN_TYPE = YES_ERROR;
				GCC_WARN_UNDECLARED_SELECTOR = YES;
				GCC_WARN_UNINITIALIZED_AUTOS = YES_AGGRESSIVE;
				GCC_WARN_UNUSED_FUNCTION = YES;
				GCC_WARN_UNUSED_VARIABLE = YES;
				IPHONEOS_DEPLOYMENT_TARGET = 16.4;
				MTL_ENABLE_DEBUG_INFO = NO;
				MTL_FAST_MATH = YES;
				SDKROOT = iphoneos;
				SWIFT_COMPILATION_MODE = wholemodule;
				SWIFT_OPTIMIZATION_LEVEL = "-O";
				VALIDATE_PRODUCT = YES;
			};
			name = Release;
		};
		11D0A5AC2A9604E100DFA087 /* Debug */ = {
			isa = XCBuildConfiguration;
			buildSettings = {
				ASSETCATALOG_COMPILER_APPICON_NAME = AppIcon;
				ASSETCATALOG_COMPILER_GLOBAL_ACCENT_COLOR_NAME = AccentColor;
				CODE_SIGN_STYLE = Automatic;
				CURRENT_PROJECT_VERSION = 1;
				DEVELOPMENT_TEAM = 2N697VK3QN;
				GENERATE_INFOPLIST_FILE = YES;
				INFOPLIST_FILE = FirebaseApp/Info.plist;
				INFOPLIST_KEY_UIApplicationSupportsIndirectInputEvents = YES;
				INFOPLIST_KEY_UILaunchStoryboardName = LaunchScreen;
				INFOPLIST_KEY_UISupportedInterfaceOrientations_iPad = "UIInterfaceOrientationPortrait UIInterfaceOrientationPortraitUpsideDown UIInterfaceOrientationLandscapeLeft UIInterfaceOrientationLandscapeRight";
				INFOPLIST_KEY_UISupportedInterfaceOrientations_iPhone = "UIInterfaceOrientationPortrait UIInterfaceOrientationLandscapeLeft UIInterfaceOrientationLandscapeRight";
				LD_RUNPATH_SEARCH_PATHS = (
					"$(inherited)",
					"@executable_path/Frameworks",
				);
				MARKETING_VERSION = 1.0;
				PRODUCT_BUNDLE_IDENTIFIER = com.gizemzorlu.FirebaseApp;
				PRODUCT_NAME = "$(TARGET_NAME)";
				SWIFT_EMIT_LOC_STRINGS = YES;
				SWIFT_VERSION = 5.0;
				TARGETED_DEVICE_FAMILY = "1,2";
			};
			name = Debug;
		};
		11D0A5AD2A9604E100DFA087 /* Release */ = {
			isa = XCBuildConfiguration;
			buildSettings = {
				ASSETCATALOG_COMPILER_APPICON_NAME = AppIcon;
				ASSETCATALOG_COMPILER_GLOBAL_ACCENT_COLOR_NAME = AccentColor;
				CODE_SIGN_STYLE = Automatic;
				CURRENT_PROJECT_VERSION = 1;
				DEVELOPMENT_TEAM = 2N697VK3QN;
				GENERATE_INFOPLIST_FILE = YES;
				INFOPLIST_FILE = FirebaseApp/Info.plist;
				INFOPLIST_KEY_UIApplicationSupportsIndirectInputEvents = YES;
				INFOPLIST_KEY_UILaunchStoryboardName = LaunchScreen;
				INFOPLIST_KEY_UISupportedInterfaceOrientations_iPad = "UIInterfaceOrientationPortrait UIInterfaceOrientationPortraitUpsideDown UIInterfaceOrientationLandscapeLeft UIInterfaceOrientationLandscapeRight";
				INFOPLIST_KEY_UISupportedInterfaceOrientations_iPhone = "UIInterfaceOrientationPortrait UIInterfaceOrientationLandscapeLeft UIInterfaceOrientationLandscapeRight";
				LD_RUNPATH_SEARCH_PATHS = (
					"$(inherited)",
					"@executable_path/Frameworks",
				);
				MARKETING_VERSION = 1.0;
				PRODUCT_BUNDLE_IDENTIFIER = com.gizemzorlu.FirebaseApp;
				PRODUCT_NAME = "$(TARGET_NAME)";
				SWIFT_EMIT_LOC_STRINGS = YES;
				SWIFT_VERSION = 5.0;
				TARGETED_DEVICE_FAMILY = "1,2";
			};
			name = Release;
		};
/* End XCBuildConfiguration section */

/* Begin XCConfigurationList section */
		11D0A5922A9604E000DFA087 /* Build configuration list for PBXProject "FirebaseApp" */ = {
			isa = XCConfigurationList;
			buildConfigurations = (
				11D0A5A92A9604E100DFA087 /* Debug */,
				11D0A5AA2A9604E100DFA087 /* Release */,
			);
			defaultConfigurationIsVisible = 0;
			defaultConfigurationName = Release;
		};
		11D0A5AB2A9604E100DFA087 /* Build configuration list for PBXNativeTarget "FirebaseApp" */ = {
			isa = XCConfigurationList;
			buildConfigurations = (
				11D0A5AC2A9604E100DFA087 /* Debug */,
				11D0A5AD2A9604E100DFA087 /* Release */,
			);
			defaultConfigurationIsVisible = 0;
			defaultConfigurationName = Release;
		};
/* End XCConfigurationList section */

/* Begin XCRemoteSwiftPackageReference section */
		113C88A62A988D61007E5C33 /* XCRemoteSwiftPackageReference "SDWebImage" */ = {
			isa = XCRemoteSwiftPackageReference;
			repositoryURL = "https://github.com/SDWebImage/SDWebImage.git";
			requirement = {
				kind = upToNextMajorVersion;
				minimumVersion = 5.0.0;
			};
		};
		11D0A5AE2A96053200DFA087 /* XCRemoteSwiftPackageReference "firebase-ios-sdk" */ = {
			isa = XCRemoteSwiftPackageReference;
			repositoryURL = "https://github.com/firebase/firebase-ios-sdk.git";
			requirement = {
				kind = upToNextMajorVersion;
				minimumVersion = 10.0.0;
			};
		};
		11D0A5BB2A96095B00DFA087 /* XCRemoteSwiftPackageReference "SnapKit" */ = {
			isa = XCRemoteSwiftPackageReference;
			repositoryURL = "https://github.com/SnapKit/SnapKit.git";
			requirement = {
				kind = upToNextMajorVersion;
				minimumVersion = 5.0.0;
			};
		};
/* End XCRemoteSwiftPackageReference section */

/* Begin XCSwiftPackageProductDependency section */
		113C88A72A988D61007E5C33 /* SDWebImage */ = {
			isa = XCSwiftPackageProductDependency;
			package = 113C88A62A988D61007E5C33 /* XCRemoteSwiftPackageReference "SDWebImage" */;
			productName = SDWebImage;
		};
		11D0A5AF2A96053200DFA087 /* FirebaseAnalytics */ = {
			isa = XCSwiftPackageProductDependency;
			package = 11D0A5AE2A96053200DFA087 /* XCRemoteSwiftPackageReference "firebase-ios-sdk" */;
			productName = FirebaseAnalytics;
		};
		11D0A5B12A96053200DFA087 /* FirebaseAuth */ = {
			isa = XCSwiftPackageProductDependency;
			package = 11D0A5AE2A96053200DFA087 /* XCRemoteSwiftPackageReference "firebase-ios-sdk" */;
			productName = FirebaseAuth;
		};
		11D0A5B32A96053200DFA087 /* FirebaseFirestore */ = {
			isa = XCSwiftPackageProductDependency;
			package = 11D0A5AE2A96053200DFA087 /* XCRemoteSwiftPackageReference "firebase-ios-sdk" */;
			productName = FirebaseFirestore;
		};
		11D0A5B52A96053200DFA087 /* FirebaseStorage */ = {
			isa = XCSwiftPackageProductDependency;
			package = 11D0A5AE2A96053200DFA087 /* XCRemoteSwiftPackageReference "firebase-ios-sdk" */;
			productName = FirebaseStorage;
		};
		11D0A5BC2A96095B00DFA087 /* SnapKit */ = {
			isa = XCSwiftPackageProductDependency;
			package = 11D0A5BB2A96095B00DFA087 /* XCRemoteSwiftPackageReference "SnapKit" */;
			productName = SnapKit;
		};
/* End XCSwiftPackageProductDependency section */
	};
	rootObject = 11D0A58F2A9604E000DFA087 /* Project object */;
}
